
Microsoft Visual Studio Solution File, Format Version 12.00
# Visual Studio Version 16
VisualStudioVersion = 16.0.31624.102
MinimumVisualStudioVersion = 10.0.40219.1
Project("{FAE04EC0-301F-11D3-BF4B-00C04F79EFBC}") = "Three", "Three\Three.csproj", "{4EAD40DC-FF06-4C18-8FD6-1FADD774C5FD}"
EndProject
Global
	GlobalSection(SolutionConfigurationPlatforms) = preSolution
		Debug|Any CPU = Debug|Any CPU
		Release|Any CPU = Release|Any CPU
	EndGlobalSection
	GlobalSection(ProjectConfigurationPlatforms) = postSolution
		{4EAD40DC-FF06-4C18-8FD6-1FADD774C5FD}.Debug|Any CPU.ActiveCfg = Debug|Any CPU
		{4EAD40DC-FF06-4C18-8FD6-1FADD774C5FD}.Debug|Any CPU.Build.0 = Debug|Any CPU
		{4EAD40DC-FF06-4C18-8FD6-1FADD774C5FD}.Release|Any CPU.ActiveCfg = Release|Any CPU
		{4EAD40DC-FF06-4C18-8FD6-1FADD774C5FD}.Release|Any CPU.Build.0 = Release|Any CPU
	EndGlobalSection
	GlobalSection(SolutionProperties) = preSolution
		HideSolutionNode = FALSE
	EndGlobalSection
	GlobalSection(ExtensibilityGlobals) = postSolution
		SolutionGuid = {32C0477F-60DE-4193-88B9-A933E70CE2F5}
	EndGlobalSection
EndGlobal
